
Microsoft Visual Studio Solution File, Format Version 12.00
# Visual Studio Version 17
VisualStudioVersion = 17.14.36518.9
MinimumVisualStudioVersion = 10.0.40219.1
Project("{FAE04EC0-301F-11D3-BF4B-00C04F79EFBC}") = "ClubDeportivo", "FormularioLogin\ClubDeportivo.csproj", "{A35DCF95-6E88-46D8-9F75-23925250D927}"
EndProject
Global
	GlobalSection(SolutionConfigurationPlatforms) = preSolution
		Debug|Any CPU = Debug|Any CPU
		Release|Any CPU = Release|Any CPU
	EndGlobalSection
	GlobalSection(ProjectConfigurationPlatforms) = postSolution
		{A35DCF95-6E88-46D8-9F75-23925250D927}.Debug|Any CPU.ActiveCfg = Debug|Any CPU
		{A35DCF95-6E88-46D8-9F75-23925250D927}.Debug|Any CPU.Build.0 = Debug|Any CPU
		{A35DCF95-6E88-46D8-9F75-23925250D927}.Release|Any CPU.ActiveCfg = Release|Any CPU
		{A35DCF95-6E88-46D8-9F75-23925250D927}.Release|Any CPU.Build.0 = Release|Any CPU
	EndGlobalSection
	GlobalSection(SolutionProperties) = preSolution
		HideSolutionNode = FALSE
	EndGlobalSection
	GlobalSection(ExtensibilityGlobals) = postSolution
		SolutionGuid = {3E461CFC-7D7F-4424-BFE6-8E7F39A6A50B}
	EndGlobalSection
EndGlobal
